# This file is automatically @generated by Cargo.
# It is not intended for manual editing.
[[package]]
name = "byteorder"
version = "1.3.4"
source = "registry+https://github.com/rust-lang/crates.io-index"
checksum = "08c48aae112d48ed9f069b33538ea9e3e90aa263cfa3d1c24309612b1f7472de"

[[package]]
name = "gpio-osc-button"
version = "0.1.0"
dependencies = [
 "nannou_osc",
 "rppal",
]

[[package]]
name = "lazy_static"
version = "1.4.0"
source = "registry+https://github.com/rust-lang/crates.io-index"
checksum = "e2abad23fbc42b3700f2f279844dc832adb2b2eb069b2df918f455c4e18cc646"

[[package]]
name = "libc"
version = "0.2.71"
source = "registry+https://github.com/rust-lang/crates.io-index"
checksum = "9457b06509d27052635f90d6466700c65095fdf75409b3fbdd903e988b886f49"

[[package]]
name = "nannou_osc"
version = "0.14.0"
source = "registry+https://github.com/rust-lang/crates.io-index"
checksum = "f96fddd5d4540dc78336dc0bff64acb75d502a2867284b2f4ad564089e9bd6ac"
dependencies = [
 "rosc",
]

[[package]]
name = "rosc"
version = "0.1.6"
source = "registry+https://github.com/rust-lang/crates.io-index"
checksum = "39332ba44e0804497d958f692a3fbb7dd993cc996070189f40577de87ff1b8d9"
dependencies = [
 "byteorder",
]

[[package]]
name = "rppal"
version = "0.11.3"
source = "registry+https://github.com/rust-lang/crates.io-index"
checksum = "137dbba1fb867daa27cda4c3cd6a11bca5bb5a1551f034cf9319b994846ddbe1"
dependencies = [
 "lazy_static",
 "libc",
]
